
Microsoft Visual Studio Solution File, Format Version 12.00
# Visual Studio 14
VisualStudioVersion = 14.0.25123.0
MinimumVisualStudioVersion = 10.0.40219.1
Project("{FAE04EC0-301F-11D3-BF4B-00C04F79EFBC}") = "HL7ReportListenerService", "HL7Rec\HL7ReportListenerService.csproj", "{94790CCF-5ADA-48D5-BCF1-5272FA69E703}"
EndProject
Project("{FAE04EC0-301F-11D3-BF4B-00C04F79EFBC}") = "ExternalRef", "ExternalRef\ExternalRef.csproj", "{DE46B1B0-240B-4D4F-B0CE-4D6A4B6336CD}"
EndProject
Project("{FAE04EC0-301F-11D3-BF4B-00C04F79EFBC}") = "TestingApp", "HL7TestingApp\TestingApp.csproj", "{B743F494-59B6-405E-A8D9-74211564211A}"
	ProjectSection(ProjectDependencies) = postProject
		{3341403F-286C-4F47-B714-24AA0992DB50} = {3341403F-286C-4F47-B714-24AA0992DB50}
	EndProjectSection
EndProject
Project("{FAE04EC0-301F-11D3-BF4B-00C04F79EFBC}") = "HL7Listener", "HL7Listener\HL7Listener.csproj", "{129D4227-397A-4DC5-8A68-2FBC30AAA5B3}"
EndProject
Project("{2150E333-8FDC-42A3-9474-1A3956D46DE8}") = "NHAPI", "NHAPI", "{2C8810C4-4442-4045-BC7D-9176BD617E70}"
EndProject
Project("{FAE04EC0-301F-11D3-BF4B-00C04F79EFBC}") = "NHapi.Model.V231", "NHapi20\NHapi.Model.V231\NHapi.Model.V231.csproj", "{B8909698-59BA-453F-A4BC-2F4F2612F853}"
EndProject
Project("{FAE04EC0-301F-11D3-BF4B-00C04F79EFBC}") = "ModelGenerator", "NHapi20\ModelGenerator\ModelGenerator.csproj", "{EBB8E9C9-7FF2-49C4-96EF-C5B87E4C2617}"
EndProject
Project("{FAE04EC0-301F-11D3-BF4B-00C04F79EFBC}") = "NHapi.Base", "NHapi20\NHapi.Base\NHapi.Base.csproj", "{5A080123-0597-46C3-AE78-2007EFB0DD68}"
EndProject
Project("{FAE04EC0-301F-11D3-BF4B-00C04F79EFBC}") = "NHapi.Model.V22", "NHapi20\NHapi.Model.V22\NHapi.Model.V22.csproj", "{2AAFDC25-B3DF-4493-94A5-144D60122FEC}"
EndProject
Project("{FAE04EC0-301F-11D3-BF4B-00C04F79EFBC}") = "NHapi.Model.V23", "NHapi20\NHapi.Model.V23\NHapi.Model.V23.csproj", "{796D663F-E12D-45C2-92E6-8FD050558A86}"
EndProject
Project("{FAE04EC0-301F-11D3-BF4B-00C04F79EFBC}") = "NHapi.Model.V24", "NHapi20\NHapi.Model.V24\NHapi.Model.V24.csproj", "{C5DE87CB-F026-4EB3-9CE8-5017BF3FB5CC}"
EndProject
Project("{FAE04EC0-301F-11D3-BF4B-00C04F79EFBC}") = "NHapi.Model.V25", "NHapi20\NHapi.Model.V25\NHapi.Model.V25.csproj", "{BE6CDFAD-560E-44CC-B23B-87252DD4392C}"
EndProject
Project("{FAE04EC0-301F-11D3-BF4B-00C04F79EFBC}") = "NHapi.Model.V251", "NHapi20\NHapi.Model.V251\NHapi.Model.V251.csproj", "{616C84EF-BE12-47A8-A524-D8230D572163}"
EndProject
Project("{FAE04EC0-301F-11D3-BF4B-00C04F79EFBC}") = "NHapi.Model.V22_ZSegments", "NHapi20\NHapi.Model.V22_ZSegments\NHapi.Model.V22_ZSegments.csproj", "{FFECB4DE-C192-4F95-9DC7-9D0A815D250A}"
EndProject
Project("{00D1A9C2-B5F0-4AF3-8072-F6C62B433612}") = "SQL.HL7Reports", "SQL.HL7Reports\SQL.HL7Reports.sqlproj", "{B3A873B7-33AE-4A1A-A41D-C5CC228557DE}"
EndProject
Project("{FAE04EC0-301F-11D3-BF4B-00C04F79EFBC}") = "ReportsDataAndBusiness", "HL7ReportsDA\ReportsDataAndBusiness.csproj", "{12BBBBC7-2C5D-43D1-B851-61BB95F72B30}"
EndProject
Project("{FAE04EC0-301F-11D3-BF4B-00C04F79EFBC}") = "Common", "Common\Common.csproj", "{411380EA-C232-4F80-9FF9-93B46788B576}"
EndProject
Project("{FAE04EC0-301F-11D3-BF4B-00C04F79EFBC}") = "ReportWCF", "ReportWCF\ReportWCF.csproj", "{3341403F-286C-4F47-B714-24AA0992DB50}"
EndProject
Project("{FAE04EC0-301F-11D3-BF4B-00C04F79EFBC}") = "PCCIReports", "PCCI\PCCIReports.csproj", "{874B6D5B-3AF4-41C2-97C5-FF563FD01575}"
EndProject
Global
	GlobalSection(SolutionConfigurationPlatforms) = preSolution
		Debug|Any CPU = Debug|Any CPU
		Debug|x86 = Debug|x86
		Release|Any CPU = Release|Any CPU
		Release|x86 = Release|x86
	EndGlobalSection
	GlobalSection(ProjectConfigurationPlatforms) = postSolution
		{94790CCF-5ADA-48D5-BCF1-5272FA69E703}.Debug|Any CPU.ActiveCfg = Debug|Any CPU
		{94790CCF-5ADA-48D5-BCF1-5272FA69E703}.Debug|Any CPU.Build.0 = Debug|Any CPU
		{94790CCF-5ADA-48D5-BCF1-5272FA69E703}.Debug|x86.ActiveCfg = Debug|Any CPU
		{94790CCF-5ADA-48D5-BCF1-5272FA69E703}.Debug|x86.Build.0 = Debug|Any CPU
		{94790CCF-5ADA-48D5-BCF1-5272FA69E703}.Release|Any CPU.ActiveCfg = Release|Any CPU
		{94790CCF-5ADA-48D5-BCF1-5272FA69E703}.Release|Any CPU.Build.0 = Release|Any CPU
		{94790CCF-5ADA-48D5-BCF1-5272FA69E703}.Release|x86.ActiveCfg = Release|Any CPU
		{94790CCF-5ADA-48D5-BCF1-5272FA69E703}.Release|x86.Build.0 = Release|Any CPU
		{DE46B1B0-240B-4D4F-B0CE-4D6A4B6336CD}.Debug|Any CPU.ActiveCfg = Debug|Any CPU
		{DE46B1B0-240B-4D4F-B0CE-4D6A4B6336CD}.Debug|Any CPU.Build.0 = Debug|Any CPU
		{DE46B1B0-240B-4D4F-B0CE-4D6A4B6336CD}.Debug|x86.ActiveCfg = Debug|Any CPU
		{DE46B1B0-240B-4D4F-B0CE-4D6A4B6336CD}.Debug|x86.Build.0 = Debug|Any CPU
		{DE46B1B0-240B-4D4F-B0CE-4D6A4B6336CD}.Release|Any CPU.ActiveCfg = Release|Any CPU
		{DE46B1B0-240B-4D4F-B0CE-4D6A4B6336CD}.Release|Any CPU.Build.0 = Release|Any CPU
		{DE46B1B0-240B-4D4F-B0CE-4D6A4B6336CD}.Release|x86.ActiveCfg = Release|Any CPU
		{DE46B1B0-240B-4D4F-B0CE-4D6A4B6336CD}.Release|x86.Build.0 = Release|Any CPU
		{B743F494-59B6-405E-A8D9-74211564211A}.Debug|Any CPU.ActiveCfg = Debug|Any CPU
		{B743F494-59B6-405E-A8D9-74211564211A}.Debug|Any CPU.Build.0 = Debug|Any CPU
		{B743F494-59B6-405E-A8D9-74211564211A}.Debug|x86.ActiveCfg = Debug|Any CPU
		{B743F494-59B6-405E-A8D9-74211564211A}.Debug|x86.Build.0 = Debug|Any CPU
		{B743F494-59B6-405E-A8D9-74211564211A}.Release|Any CPU.ActiveCfg = Release|Any CPU
		{B743F494-59B6-405E-A8D9-74211564211A}.Release|Any CPU.Build.0 = Release|Any CPU
		{B743F494-59B6-405E-A8D9-74211564211A}.Release|x86.ActiveCfg = Release|Any CPU
		{B743F494-59B6-405E-A8D9-74211564211A}.Release|x86.Build.0 = Release|Any CPU
		{129D4227-397A-4DC5-8A68-2FBC30AAA5B3}.Debug|Any CPU.ActiveCfg = Debug|Any CPU
		{129D4227-397A-4DC5-8A68-2FBC30AAA5B3}.Debug|Any CPU.Build.0 = Debug|Any CPU
		{129D4227-397A-4DC5-8A68-2FBC30AAA5B3}.Debug|x86.ActiveCfg = Debug|Any CPU
		{129D4227-397A-4DC5-8A68-2FBC30AAA5B3}.Debug|x86.Build.0 = Debug|Any CPU
		{129D4227-397A-4DC5-8A68-2FBC30AAA5B3}.Release|Any CPU.ActiveCfg = Release|Any CPU
		{129D4227-397A-4DC5-8A68-2FBC30AAA5B3}.Release|Any CPU.Build.0 = Release|Any CPU
		{129D4227-397A-4DC5-8A68-2FBC30AAA5B3}.Release|x86.ActiveCfg = Release|Any CPU
		{129D4227-397A-4DC5-8A68-2FBC30AAA5B3}.Release|x86.Build.0 = Release|Any CPU
		{B8909698-59BA-453F-A4BC-2F4F2612F853}.Debug|Any CPU.ActiveCfg = Debug|Any CPU
		{B8909698-59BA-453F-A4BC-2F4F2612F853}.Debug|Any CPU.Build.0 = Debug|Any CPU
		{B8909698-59BA-453F-A4BC-2F4F2612F853}.Debug|x86.ActiveCfg = Debug|Any CPU
		{B8909698-59BA-453F-A4BC-2F4F2612F853}.Debug|x86.Build.0 = Debug|Any CPU
		{B8909698-59BA-453F-A4BC-2F4F2612F853}.Release|Any CPU.ActiveCfg = Release|Any CPU
		{B8909698-59BA-453F-A4BC-2F4F2612F853}.Release|Any CPU.Build.0 = Release|Any CPU
		{B8909698-59BA-453F-A4BC-2F4F2612F853}.Release|x86.ActiveCfg = Release|Any CPU
		{B8909698-59BA-453F-A4BC-2F4F2612F853}.Release|x86.Build.0 = Release|Any CPU
		{EBB8E9C9-7FF2-49C4-96EF-C5B87E4C2617}.Debug|Any CPU.ActiveCfg = Debug|Any CPU
		{EBB8E9C9-7FF2-49C4-96EF-C5B87E4C2617}.Debug|Any CPU.Build.0 = Debug|Any CPU
		{EBB8E9C9-7FF2-49C4-96EF-C5B87E4C2617}.Debug|x86.ActiveCfg = Debug|Any CPU
		{EBB8E9C9-7FF2-49C4-96EF-C5B87E4C2617}.Debug|x86.Build.0 = Debug|Any CPU
		{EBB8E9C9-7FF2-49C4-96EF-C5B87E4C2617}.Release|Any CPU.ActiveCfg = Release|Any CPU
		{EBB8E9C9-7FF2-49C4-96EF-C5B87E4C2617}.Release|Any CPU.Build.0 = Release|Any CPU
		{EBB8E9C9-7FF2-49C4-96EF-C5B87E4C2617}.Release|x86.ActiveCfg = Release|Any CPU
		{EBB8E9C9-7FF2-49C4-96EF-C5B87E4C2617}.Release|x86.Build.0 = Release|Any CPU
		{5A080123-0597-46C3-AE78-2007EFB0DD68}.Debug|Any CPU.ActiveCfg = Debug|Any CPU
		{5A080123-0597-46C3-AE78-2007EFB0DD68}.Debug|Any CPU.Build.0 = Debug|Any CPU
		{5A080123-0597-46C3-AE78-2007EFB0DD68}.Debug|x86.ActiveCfg = Debug|Any CPU
		{5A080123-0597-46C3-AE78-2007EFB0DD68}.Debug|x86.Build.0 = Debug|Any CPU
		{5A080123-0597-46C3-AE78-2007EFB0DD68}.Release|Any CPU.ActiveCfg = Release|Any CPU
		{5A080123-0597-46C3-AE78-2007EFB0DD68}.Release|Any CPU.Build.0 = Release|Any CPU
		{5A080123-0597-46C3-AE78-2007EFB0DD68}.Release|x86.ActiveCfg = Release|Any CPU
		{5A080123-0597-46C3-AE78-2007EFB0DD68}.Release|x86.Build.0 = Release|Any CPU
		{2AAFDC25-B3DF-4493-94A5-144D60122FEC}.Debug|Any CPU.ActiveCfg = Debug|Any CPU
		{2AAFDC25-B3DF-4493-94A5-144D60122FEC}.Debug|Any CPU.Build.0 = Debug|Any CPU
		{2AAFDC25-B3DF-4493-94A5-144D60122FEC}.Debug|x86.ActiveCfg = Debug|Any CPU
		{2AAFDC25-B3DF-4493-94A5-144D60122FEC}.Debug|x86.Build.0 = Debug|Any CPU
		{2AAFDC25-B3DF-4493-94A5-144D60122FEC}.Release|Any CPU.ActiveCfg = Release|Any CPU
		{2AAFDC25-B3DF-4493-94A5-144D60122FEC}.Release|Any CPU.Build.0 = Release|Any CPU
		{2AAFDC25-B3DF-4493-94A5-144D60122FEC}.Release|x86.ActiveCfg = Release|Any CPU
		{2AAFDC25-B3DF-4493-94A5-144D60122FEC}.Release|x86.Build.0 = Release|Any CPU
		{796D663F-E12D-45C2-92E6-8FD050558A86}.Debug|Any CPU.ActiveCfg = Debug|Any CPU
		{796D663F-E12D-45C2-92E6-8FD050558A86}.Debug|Any CPU.Build.0 = Debug|Any CPU
		{796D663F-E12D-45C2-92E6-8FD050558A86}.Debug|x86.ActiveCfg = Debug|Any CPU
		{796D663F-E12D-45C2-92E6-8FD050558A86}.Debug|x86.Build.0 = Debug|Any CPU
		{796D663F-E12D-45C2-92E6-8FD050558A86}.Release|Any CPU.ActiveCfg = Release|Any CPU
		{796D663F-E12D-45C2-92E6-8FD050558A86}.Release|Any CPU.Build.0 = Release|Any CPU
		{796D663F-E12D-45C2-92E6-8FD050558A86}.Release|x86.ActiveCfg = Release|Any CPU
		{796D663F-E12D-45C2-92E6-8FD050558A86}.Release|x86.Build.0 = Release|Any CPU
		{C5DE87CB-F026-4EB3-9CE8-5017BF3FB5CC}.Debug|Any CPU.ActiveCfg = Debug|Any CPU
		{C5DE87CB-F026-4EB3-9CE8-5017BF3FB5CC}.Debug|Any CPU.Build.0 = Debug|Any CPU
		{C5DE87CB-F026-4EB3-9CE8-5017BF3FB5CC}.Debug|x86.ActiveCfg = Debug|Any CPU
		{C5DE87CB-F026-4EB3-9CE8-5017BF3FB5CC}.Debug|x86.Build.0 = Debug|Any CPU
		{C5DE87CB-F026-4EB3-9CE8-5017BF3FB5CC}.Release|Any CPU.ActiveCfg = Release|Any CPU
		{C5DE87CB-F026-4EB3-9CE8-5017BF3FB5CC}.Release|Any CPU.Build.0 = Release|Any CPU
		{C5DE87CB-F026-4EB3-9CE8-5017BF3FB5CC}.Release|x86.ActiveCfg = Release|Any CPU
		{C5DE87CB-F026-4EB3-9CE8-5017BF3FB5CC}.Release|x86.Build.0 = Release|Any CPU
		{BE6CDFAD-560E-44CC-B23B-87252DD4392C}.Debug|Any CPU.ActiveCfg = Debug|Any CPU
		{BE6CDFAD-560E-44CC-B23B-87252DD4392C}.Debug|Any CPU.Build.0 = Debug|Any CPU
		{BE6CDFAD-560E-44CC-B23B-87252DD4392C}.Debug|x86.ActiveCfg = Debug|Any CPU
		{BE6CDFAD-560E-44CC-B23B-87252DD4392C}.Debug|x86.Build.0 = Debug|Any CPU
		{BE6CDFAD-560E-44CC-B23B-87252DD4392C}.Release|Any CPU.ActiveCfg = Release|Any CPU
		{BE6CDFAD-560E-44CC-B23B-87252DD4392C}.Release|Any CPU.Build.0 = Release|Any CPU
		{BE6CDFAD-560E-44CC-B23B-87252DD4392C}.Release|x86.ActiveCfg = Release|Any CPU
		{BE6CDFAD-560E-44CC-B23B-87252DD4392C}.Release|x86.Build.0 = Release|Any CPU
		{616C84EF-BE12-47A8-A524-D8230D572163}.Debug|Any CPU.ActiveCfg = Debug|Any CPU
		{616C84EF-BE12-47A8-A524-D8230D572163}.Debug|Any CPU.Build.0 = Debug|Any CPU
		{616C84EF-BE12-47A8-A524-D8230D572163}.Debug|x86.ActiveCfg = Debug|Any CPU
		{616C84EF-BE12-47A8-A524-D8230D572163}.Debug|x86.Build.0 = Debug|Any CPU
		{616C84EF-BE12-47A8-A524-D8230D572163}.Release|Any CPU.ActiveCfg = Release|Any CPU
		{616C84EF-BE12-47A8-A524-D8230D572163}.Release|Any CPU.Build.0 = Release|Any CPU
		{616C84EF-BE12-47A8-A524-D8230D572163}.Release|x86.ActiveCfg = Release|Any CPU
		{616C84EF-BE12-47A8-A524-D8230D572163}.Release|x86.Build.0 = Release|Any CPU
		{FFECB4DE-C192-4F95-9DC7-9D0A815D250A}.Debug|Any CPU.ActiveCfg = Debug|Any CPU
		{FFECB4DE-C192-4F95-9DC7-9D0A815D250A}.Debug|Any CPU.Build.0 = Debug|Any CPU
		{FFECB4DE-C192-4F95-9DC7-9D0A815D250A}.Debug|x86.ActiveCfg = Debug|Any CPU
		{FFECB4DE-C192-4F95-9DC7-9D0A815D250A}.Debug|x86.Build.0 = Debug|Any CPU
		{FFECB4DE-C192-4F95-9DC7-9D0A815D250A}.Release|Any CPU.ActiveCfg = Release|Any CPU
		{FFECB4DE-C192-4F95-9DC7-9D0A815D250A}.Release|Any CPU.Build.0 = Release|Any CPU
		{FFECB4DE-C192-4F95-9DC7-9D0A815D250A}.Release|x86.ActiveCfg = Release|Any CPU
		{FFECB4DE-C192-4F95-9DC7-9D0A815D250A}.Release|x86.Build.0 = Release|Any CPU
		{B3A873B7-33AE-4A1A-A41D-C5CC228557DE}.Debug|Any CPU.ActiveCfg = Debug|Any CPU
		{B3A873B7-33AE-4A1A-A41D-C5CC228557DE}.Debug|Any CPU.Build.0 = Debug|Any CPU
		{B3A873B7-33AE-4A1A-A41D-C5CC228557DE}.Debug|Any CPU.Deploy.0 = Debug|Any CPU
		{B3A873B7-33AE-4A1A-A41D-C5CC228557DE}.Debug|x86.ActiveCfg = Debug|Any CPU
		{B3A873B7-33AE-4A1A-A41D-C5CC228557DE}.Debug|x86.Build.0 = Debug|Any CPU
		{B3A873B7-33AE-4A1A-A41D-C5CC228557DE}.Debug|x86.Deploy.0 = Debug|Any CPU
		{B3A873B7-33AE-4A1A-A41D-C5CC228557DE}.Release|Any CPU.ActiveCfg = Release|Any CPU
		{B3A873B7-33AE-4A1A-A41D-C5CC228557DE}.Release|Any CPU.Build.0 = Release|Any CPU
		{B3A873B7-33AE-4A1A-A41D-C5CC228557DE}.Release|Any CPU.Deploy.0 = Release|Any CPU
		{B3A873B7-33AE-4A1A-A41D-C5CC228557DE}.Release|x86.ActiveCfg = Release|Any CPU
		{B3A873B7-33AE-4A1A-A41D-C5CC228557DE}.Release|x86.Build.0 = Release|Any CPU
		{B3A873B7-33AE-4A1A-A41D-C5CC228557DE}.Release|x86.Deploy.0 = Release|Any CPU
		{12BBBBC7-2C5D-43D1-B851-61BB95F72B30}.Debug|Any CPU.ActiveCfg = Debug|Any CPU
		{12BBBBC7-2C5D-43D1-B851-61BB95F72B30}.Debug|Any CPU.Build.0 = Debug|Any CPU
		{12BBBBC7-2C5D-43D1-B851-61BB95F72B30}.Debug|x86.ActiveCfg = Debug|Any CPU
		{12BBBBC7-2C5D-43D1-B851-61BB95F72B30}.Debug|x86.Build.0 = Debug|Any CPU
		{12BBBBC7-2C5D-43D1-B851-61BB95F72B30}.Release|Any CPU.ActiveCfg = Release|Any CPU
		{12BBBBC7-2C5D-43D1-B851-61BB95F72B30}.Release|Any CPU.Build.0 = Release|Any CPU
		{12BBBBC7-2C5D-43D1-B851-61BB95F72B30}.Release|x86.ActiveCfg = Release|Any CPU
		{12BBBBC7-2C5D-43D1-B851-61BB95F72B30}.Release|x86.Build.0 = Release|Any CPU
		{411380EA-C232-4F80-9FF9-93B46788B576}.Debug|Any CPU.ActiveCfg = Debug|Any CPU
		{411380EA-C232-4F80-9FF9-93B46788B576}.Debug|Any CPU.Build.0 = Debug|Any CPU
		{411380EA-C232-4F80-9FF9-93B46788B576}.Debug|x86.ActiveCfg = Debug|Any CPU
		{411380EA-C232-4F80-9FF9-93B46788B576}.Debug|x86.Build.0 = Debug|Any CPU
		{411380EA-C232-4F80-9FF9-93B46788B576}.Release|Any CPU.ActiveCfg = Release|Any CPU
		{411380EA-C232-4F80-9FF9-93B46788B576}.Release|Any CPU.Build.0 = Release|Any CPU
		{411380EA-C232-4F80-9FF9-93B46788B576}.Release|x86.ActiveCfg = Release|Any CPU
		{411380EA-C232-4F80-9FF9-93B46788B576}.Release|x86.Build.0 = Release|Any CPU
		{3341403F-286C-4F47-B714-24AA0992DB50}.Debug|Any CPU.ActiveCfg = Debug|Any CPU
		{3341403F-286C-4F47-B714-24AA0992DB50}.Debug|Any CPU.Build.0 = Debug|Any CPU
		{3341403F-286C-4F47-B714-24AA0992DB50}.Debug|x86.ActiveCfg = Debug|Any CPU
		{3341403F-286C-4F47-B714-24AA0992DB50}.Debug|x86.Build.0 = Debug|Any CPU
		{3341403F-286C-4F47-B714-24AA0992DB50}.Release|Any CPU.ActiveCfg = Release|Any CPU
		{3341403F-286C-4F47-B714-24AA0992DB50}.Release|Any CPU.Build.0 = Release|Any CPU
		{3341403F-286C-4F47-B714-24AA0992DB50}.Release|x86.ActiveCfg = Release|Any CPU
		{3341403F-286C-4F47-B714-24AA0992DB50}.Release|x86.Build.0 = Release|Any CPU
		{874B6D5B-3AF4-41C2-97C5-FF563FD01575}.Debug|Any CPU.ActiveCfg = Debug|Any CPU
		{874B6D5B-3AF4-41C2-97C5-FF563FD01575}.Debug|Any CPU.Build.0 = Debug|Any CPU
		{874B6D5B-3AF4-41C2-97C5-FF563FD01575}.Debug|x86.ActiveCfg = Debug|x86
		{874B6D5B-3AF4-41C2-97C5-FF563FD01575}.Debug|x86.Build.0 = Debug|x86
		{874B6D5B-3AF4-41C2-97C5-FF563FD01575}.Release|Any CPU.ActiveCfg = Release|Any CPU
		{874B6D5B-3AF4-41C2-97C5-FF563FD01575}.Release|Any CPU.Build.0 = Release|Any CPU
		{874B6D5B-3AF4-41C2-97C5-FF563FD01575}.Release|x86.ActiveCfg = Release|x86
		{874B6D5B-3AF4-41C2-97C5-FF563FD01575}.Release|x86.Build.0 = Release|x86
	EndGlobalSection
	GlobalSection(SolutionProperties) = preSolution
		HideSolutionNode = FALSE
	EndGlobalSection
	GlobalSection(NestedProjects) = preSolution
		{B8909698-59BA-453F-A4BC-2F4F2612F853} = {2C8810C4-4442-4045-BC7D-9176BD617E70}
		{EBB8E9C9-7FF2-49C4-96EF-C5B87E4C2617} = {2C8810C4-4442-4045-BC7D-9176BD617E70}
		{5A080123-0597-46C3-AE78-2007EFB0DD68} = {2C8810C4-4442-4045-BC7D-9176BD617E70}
		{2AAFDC25-B3DF-4493-94A5-144D60122FEC} = {2C8810C4-4442-4045-BC7D-9176BD617E70}
		{796D663F-E12D-45C2-92E6-8FD050558A86} = {2C8810C4-4442-4045-BC7D-9176BD617E70}
		{C5DE87CB-F026-4EB3-9CE8-5017BF3FB5CC} = {2C8810C4-4442-4045-BC7D-9176BD617E70}
		{BE6CDFAD-560E-44CC-B23B-87252DD4392C} = {2C8810C4-4442-4045-BC7D-9176BD617E70}
		{616C84EF-BE12-47A8-A524-D8230D572163} = {2C8810C4-4442-4045-BC7D-9176BD617E70}
		{FFECB4DE-C192-4F95-9DC7-9D0A815D250A} = {2C8810C4-4442-4045-BC7D-9176BD617E70}
	EndGlobalSection
EndGlobal
